
Microsoft Visual Studio Solution File, Format Version 12.00
# Visual Studio Version 16
VisualStudioVersion = 16.0.28714.193
MinimumVisualStudioVersion = 10.0.40219.1
Project("{9092AA53-FB77-4645-B42D-1CCCA6BD08BD}") = "FrontApp", "FrontApp\FrontApp.njsproj", "{B12E80B5-6613-4CAB-835C-A9BD41080635}"
EndProject
Project("{FAE04EC0-301F-11D3-BF4B-00C04F79EFBC}") = "Api", "Api\Api.csproj", "{79918441-93D6-406F-B409-081868CC833B}"
EndProject
Global
	GlobalSection(SolutionConfigurationPlatforms) = preSolution
		Debug|Any CPU = Debug|Any CPU
		Release|Any CPU = Release|Any CPU
	EndGlobalSection
	GlobalSection(ProjectConfigurationPlatforms) = postSolution
		{B12E80B5-6613-4CAB-835C-A9BD41080635}.Debug|Any CPU.ActiveCfg = Debug|Any CPU
		{B12E80B5-6613-4CAB-835C-A9BD41080635}.Debug|Any CPU.Build.0 = Debug|Any CPU
		{B12E80B5-6613-4CAB-835C-A9BD41080635}.Release|Any CPU.ActiveCfg = Release|Any CPU
		{B12E80B5-6613-4CAB-835C-A9BD41080635}.Release|Any CPU.Build.0 = Release|Any CPU
		{79918441-93D6-406F-B409-081868CC833B}.Debug|Any CPU.ActiveCfg = Debug|Any CPU
		{79918441-93D6-406F-B409-081868CC833B}.Debug|Any CPU.Build.0 = Debug|Any CPU
		{79918441-93D6-406F-B409-081868CC833B}.Release|Any CPU.ActiveCfg = Release|Any CPU
		{79918441-93D6-406F-B409-081868CC833B}.Release|Any CPU.Build.0 = Release|Any CPU
	EndGlobalSection
	GlobalSection(SolutionProperties) = preSolution
		HideSolutionNode = FALSE
	EndGlobalSection
	GlobalSection(ExtensibilityGlobals) = postSolution
		SolutionGuid = {7A7BC82E-D0BD-4C61-982B-BCC6ED11AAD4}
	EndGlobalSection
EndGlobal
